
Microsoft Visual Studio Solution File, Format Version 12.00
Project("{FAE04EC0-301F-11D3-BF4B-00C04F79EFBC}") = "BankTransfer", "BankTransfer\BankTransfer.csproj", "{38DBEE74-9752-42AB-BB9F-1CC9BF4ADC99}"
EndProject
Global
	GlobalSection(SolutionConfigurationPlatforms) = preSolution
		Debug|Any CPU = Debug|Any CPU
		Release|Any CPU = Release|Any CPU
	EndGlobalSection
	GlobalSection(ProjectConfigurationPlatforms) = postSolution
		{38DBEE74-9752-42AB-BB9F-1CC9BF4ADC99}.Debug|Any CPU.ActiveCfg = Debug|Any CPU
		{38DBEE74-9752-42AB-BB9F-1CC9BF4ADC99}.Debug|Any CPU.Build.0 = Debug|Any CPU
		{38DBEE74-9752-42AB-BB9F-1CC9BF4ADC99}.Release|Any CPU.ActiveCfg = Release|Any CPU
		{38DBEE74-9752-42AB-BB9F-1CC9BF4ADC99}.Release|Any CPU.Build.0 = Release|Any CPU
	EndGlobalSection
EndGlobal
