
Microsoft Visual Studio Solution File, Format Version 12.00
Project("{FAE04EC0-301F-11D3-BF4B-00C04F79EFBC}") = "HotelReservation", "HotelReservation.csproj", "{BC562AC8-E6BC-4E6E-8524-73A7C1365DAA}"
EndProject
Global
	GlobalSection(SolutionConfigurationPlatforms) = preSolution
		Debug|Any CPU = Debug|Any CPU
		Release|Any CPU = Release|Any CPU
	EndGlobalSection
	GlobalSection(ProjectConfigurationPlatforms) = postSolution
		{BC562AC8-E6BC-4E6E-8524-73A7C1365DAA}.Debug|Any CPU.ActiveCfg = Debug|Any CPU
		{BC562AC8-E6BC-4E6E-8524-73A7C1365DAA}.Debug|Any CPU.Build.0 = Debug|Any CPU
		{BC562AC8-E6BC-4E6E-8524-73A7C1365DAA}.Release|Any CPU.ActiveCfg = Release|Any CPU
		{BC562AC8-E6BC-4E6E-8524-73A7C1365DAA}.Release|Any CPU.Build.0 = Release|Any CPU
	EndGlobalSection
EndGlobal
